
Microsoft Visual Studio Solution File, Format Version 12.00
# Visual Studio Version 17
VisualStudioVersion = 17.6.33723.286
MinimumVisualStudioVersion = 10.0.40219.1
Project("{FAE04EC0-301F-11D3-BF4B-00C04F79EFBC}") = "GhostAPI", "GhostAPI\GhostAPI.csproj", "{A39AA046-E5BA-4554-82CD-F117B93B36D0}"
EndProject
Global
	GlobalSection(SolutionConfigurationPlatforms) = preSolution
		Debug|Any CPU = Debug|Any CPU
		Release|Any CPU = Release|Any CPU
	EndGlobalSection
	GlobalSection(ProjectConfigurationPlatforms) = postSolution
		{A39AA046-E5BA-4554-82CD-F117B93B36D0}.Debug|Any CPU.ActiveCfg = Debug|Any CPU
		{A39AA046-E5BA-4554-82CD-F117B93B36D0}.Debug|Any CPU.Build.0 = Debug|Any CPU
		{A39AA046-E5BA-4554-82CD-F117B93B36D0}.Release|Any CPU.ActiveCfg = Release|Any CPU
		{A39AA046-E5BA-4554-82CD-F117B93B36D0}.Release|Any CPU.Build.0 = Release|Any CPU
	EndGlobalSection
	GlobalSection(SolutionProperties) = preSolution
		HideSolutionNode = FALSE
	EndGlobalSection
	GlobalSection(ExtensibilityGlobals) = postSolution
		SolutionGuid = {4EC17B4A-345D-4808-9144-ED35DB004A05}
	EndGlobalSection
EndGlobal
